
Microsoft Visual Studio Solution File, Format Version 12.00
# Visual Studio Version 16
VisualStudioVersion = 16.0.31112.23
MinimumVisualStudioVersion = 10.0.40219.1
Project("{FAE04EC0-301F-11D3-BF4B-00C04F79EFBC}") = "SA2IV Paths", "SA2IV Paths\SA2IV Paths.csproj", "{65527616-1F6A-4BD2-A1C5-BE6E86BD8B9D}"
EndProject
Global
	GlobalSection(SolutionConfigurationPlatforms) = preSolution
		Debug|Any CPU = Debug|Any CPU
		Release|Any CPU = Release|Any CPU
	EndGlobalSection
	GlobalSection(ProjectConfigurationPlatforms) = postSolution
		{65527616-1F6A-4BD2-A1C5-BE6E86BD8B9D}.Debug|Any CPU.ActiveCfg = Debug|Any CPU
		{65527616-1F6A-4BD2-A1C5-BE6E86BD8B9D}.Debug|Any CPU.Build.0 = Debug|Any CPU
		{65527616-1F6A-4BD2-A1C5-BE6E86BD8B9D}.Release|Any CPU.ActiveCfg = Release|Any CPU
		{65527616-1F6A-4BD2-A1C5-BE6E86BD8B9D}.Release|Any CPU.Build.0 = Release|Any CPU
	EndGlobalSection
	GlobalSection(SolutionProperties) = preSolution
		HideSolutionNode = FALSE
	EndGlobalSection
	GlobalSection(ExtensibilityGlobals) = postSolution
		SolutionGuid = {B7115748-F277-4D1D-9330-F702F85231D8}
	EndGlobalSection
EndGlobal
